schema: '2.0'
stages:
  prepare:
    cmd: python src/data_prep.py --raw_dir data/raw --processed_dir 
      data/processed --val_per_class 10
    deps:
    - path: data/raw
      hash: md5
      md5: 2eedf0d42b816bf2d2522728aa6cd1aa.dir
      size: 12234558
      nfiles: 1003
    - path: src/data_prep.py
      hash: md5
      md5: 586a508f6e6e4e1d1c9c1bd3a17254c3
      size: 2817
    outs:
    - path: data/processed
      hash: md5
      md5: f886f71302c57d2405027a531ef7cd5c.dir
      size: 12234558
      nfiles: 1003
